
Microsoft Visual Studio Solution File, Format Version 12.00
# Visual Studio Version 16
VisualStudioVersion = 16.0.31005.135
MinimumVisualStudioVersion = 10.0.40219.1
Project("{FAE04EC0-301F-11D3-BF4B-00C04F79EFBC}") = "Exercise(Conditions)", "Exercise(Conditions)\Exercise(Conditions).csproj", "{9814E2A8-8DE8-4F0D-A502-4EFE00FF8608}"
EndProject
Global
	GlobalSection(SolutionConfigurationPlatforms) = preSolution
		Debug|Any CPU = Debug|Any CPU
		Release|Any CPU = Release|Any CPU
	EndGlobalSection
	GlobalSection(ProjectConfigurationPlatforms) = postSolution
		{9814E2A8-8DE8-4F0D-A502-4EFE00FF8608}.Debug|Any CPU.ActiveCfg = Debug|Any CPU
		{9814E2A8-8DE8-4F0D-A502-4EFE00FF8608}.Debug|Any CPU.Build.0 = Debug|Any CPU
		{9814E2A8-8DE8-4F0D-A502-4EFE00FF8608}.Release|Any CPU.ActiveCfg = Release|Any CPU
		{9814E2A8-8DE8-4F0D-A502-4EFE00FF8608}.Release|Any CPU.Build.0 = Release|Any CPU
	EndGlobalSection
	GlobalSection(SolutionProperties) = preSolution
		HideSolutionNode = FALSE
	EndGlobalSection
	GlobalSection(ExtensibilityGlobals) = postSolution
		SolutionGuid = {ACEF3F2D-8383-4E9F-ADC6-F2A7458D2D68}
	EndGlobalSection
EndGlobal
