
Microsoft Visual Studio Solution File, Format Version 12.00
# Visual Studio Version 16
VisualStudioVersion = 16.0.31005.135
MinimumVisualStudioVersion = 10.0.40219.1
Project("{FAE04EC0-301F-11D3-BF4B-00C04F79EFBC}") = "Operators", "Operators\Operators.csproj", "{8C9ED592-A879-4DFF-9B7B-70A9BB166073}"
EndProject
Global
	GlobalSection(SolutionConfigurationPlatforms) = preSolution
		Debug|Any CPU = Debug|Any CPU
		Release|Any CPU = Release|Any CPU
	EndGlobalSection
	GlobalSection(ProjectConfigurationPlatforms) = postSolution
		{8C9ED592-A879-4DFF-9B7B-70A9BB166073}.Debug|Any CPU.ActiveCfg = Debug|Any CPU
		{8C9ED592-A879-4DFF-9B7B-70A9BB166073}.Debug|Any CPU.Build.0 = Debug|Any CPU
		{8C9ED592-A879-4DFF-9B7B-70A9BB166073}.Release|Any CPU.ActiveCfg = Release|Any CPU
		{8C9ED592-A879-4DFF-9B7B-70A9BB166073}.Release|Any CPU.Build.0 = Release|Any CPU
	EndGlobalSection
	GlobalSection(SolutionProperties) = preSolution
		HideSolutionNode = FALSE
	EndGlobalSection
	GlobalSection(ExtensibilityGlobals) = postSolution
		SolutionGuid = {41F734D2-E3E2-40EC-B416-84E7044846BF}
	EndGlobalSection
EndGlobal
